
Microsoft Visual Studio Solution File, Format Version 12.00
# Visual Studio Version 16
VisualStudioVersion = 16.0.29409.12
MinimumVisualStudioVersion = 10.0.40219.1
Project("{FAE04EC0-301F-11D3-BF4B-00C04F79EFBC}") = "riskofrainfunsies", "riskofrainfunsies.csproj", "{7FBE5217-EA3B-4D00-8E08-C49B8E29FE59}"
EndProject
Global
	GlobalSection(SolutionConfigurationPlatforms) = preSolution
		Debug|Any CPU = Debug|Any CPU
		Debug|x64 = Debug|x64
		Release|Any CPU = Release|Any CPU
		Release|x64 = Release|x64
	EndGlobalSection
	GlobalSection(ProjectConfigurationPlatforms) = postSolution
		{7FBE5217-EA3B-4D00-8E08-C49B8E29FE59}.Debug|Any CPU.ActiveCfg = Debug|Any CPU
		{7FBE5217-EA3B-4D00-8E08-C49B8E29FE59}.Debug|Any CPU.Build.0 = Debug|Any CPU
		{7FBE5217-EA3B-4D00-8E08-C49B8E29FE59}.Debug|x64.ActiveCfg = Debug|x64
		{7FBE5217-EA3B-4D00-8E08-C49B8E29FE59}.Debug|x64.Build.0 = Debug|x64
		{7FBE5217-EA3B-4D00-8E08-C49B8E29FE59}.Release|Any CPU.ActiveCfg = Release|Any CPU
		{7FBE5217-EA3B-4D00-8E08-C49B8E29FE59}.Release|Any CPU.Build.0 = Release|Any CPU
		{7FBE5217-EA3B-4D00-8E08-C49B8E29FE59}.Release|x64.ActiveCfg = Release|x64
		{7FBE5217-EA3B-4D00-8E08-C49B8E29FE59}.Release|x64.Build.0 = Release|x64
	EndGlobalSection
	GlobalSection(SolutionProperties) = preSolution
		HideSolutionNode = FALSE
	EndGlobalSection
	GlobalSection(ExtensibilityGlobals) = postSolution
		SolutionGuid = {C846805C-C28E-4559-8DF4-50C0C97D8B5B}
	EndGlobalSection
EndGlobal
